// !$*UTF8*$!
{
	archiveVersion = 1;
	classes = {
	};
	objectVersion = 46;
	objects = {

/* Begin PBXBuildFile section */
		C78FA406179CCEA30085554B /* UIKit.framework in Frameworks */ = {isa = PBXBuildFile; fileRef = C78FA405179CCEA30085554B /* UIKit.framework */; };
		C78FA408179CCEA30085554B /* Foundation.framework in Frameworks */ = {isa = PBXBuildFile; fileRef = C78FA407179CCEA30085554B /* Foundation.framework */; };
		C78FA40A179CCEA30085554B /* CoreGraphics.framework in Frameworks */ = {isa = PBXBuildFile; fileRef = C78FA409179CCEA30085554B /* CoreGraphics.framework */; };
		C78FA410179CCEA30085554B /* InfoPlist.strings in Resources */ = {isa = PBXBuildFile; fileRef = C78FA40E179CCEA30085554B /* InfoPlist.strings */; };
		C78FA412179CCEA30085554B /* main.m in Sources */ = {isa = PBXBuildFile; fileRef = C78FA411179CCEA30085554B /* main.m */; };
		C78FA416179CCEA30085554B /* AppDelegate.m in Sources */ = {isa = PBXBuildFile; fileRef = C78FA415179CCEA30085554B /* AppDelegate.m */; };
		C78FA418179CCEA30085554B /* Default.png in Resources */ = {isa = PBXBuildFile; fileRef = C78FA417179CCEA30085554B /* Default.png */; };
		C78FA41A179CCEA30085554B /* Default@2x.png in Resources */ = {isa = PBXBuildFile; fileRef = C78FA419179CCEA30085554B /* Default@2x.png */; };
		C78FA41C179CCEA30085554B /* Default-568h@2x.png in Resources */ = {isa = PBXBuildFile; fileRef = C78FA41B179CCEA30085554B /* Default-568h@2x.png */; };
		C78FA41F179CCEA30085554B /* MainStoryboard.storyboard in Resources */ = {isa = PBXBuildFile; fileRef = C78FA41D179CCEA30085554B /* MainStoryboard.storyboard */; };
		C78FA422179CCEA30085554B /* ViewController.m in Sources */ = {isa = PBXBuildFile; fileRef = C78FA421179CCEA30085554B /* ViewController.m */; };
/* End PBXBuildFile section */

/* Begin PBXFileReference section */
		C78FA402179CCEA30085554B /* OverPicker.app */ = {isa = PBXFileReference; explicitFileType = wrapper.application; includeInIndex = 0; path = OverPicker.app; sourceTree = BUILT_PRODUCTS_DIR; };
		C78FA405179CCEA30085554B /* UIKit.framework */ = {isa = PBXFileReference; lastKnownFileType = wrapper.framework; name = UIKit.framework; path = System/Library/Frameworks/UIKit.framework; sourceTree = SDKROOT; };
		C78FA407179CCEA30085554B /* Foundation.framework */ = {isa = PBXFileReference; lastKnownFileType = wrapper.framework; name = Foundation.framework; path = System/Library/Frameworks/Foundation.framework; sourceTree = SDKROOT; };
		C78FA409179CCEA30085554B /* CoreGraphics.framework */ = {isa = PBXFileReference; lastKnownFileType = wrapper.framework; name = CoreGraphics.framework; path = System/Library/Frameworks/CoreGraphics.framework; sourceTree = SDKROOT; };
		C78FA40D179CCEA30085554B /* OverPicker-Info.plist */ = {isa = PBXFileReference; lastKnownFileType = text.plist.xml; path = "OverPicker-Info.plist"; sourceTree = "<group>"; };
		C78FA40F179CCEA30085554B /* en */ = {isa = PBXFileReference; lastKnownFileType = text.plist.strings; name = en; path = en.lproj/InfoPlist.strings; sourceTree = "<group>"; };
		C78FA411179CCEA30085554B /* main.m */ = {isa = PBXFileReference; lastKnownFileType = sourcecode.c.objc; path = main.m; sourceTree = "<group>"; };
		C78FA413179CCEA30085554B /* OverPicker-Prefix.pch */ = {isa = PBXFileReference; lastKnownFileType = sourcecode.c.h; path = "OverPicker-Prefix.pch"; sourceTree = "<group>"; };
		C78FA414179CCEA30085554B /* AppDelegate.h */ = {isa = PBXFileReference; lastKnownFileType = sourcecode.c.h; path = AppDelegate.h; sourceTree = "<group>"; };
		C78FA415179CCEA30085554B /* AppDelegate.m */ = {isa = PBXFileReference; lastKnownFileType = sourcecode.c.objc; path = AppDelegate.m; sourceTree = "<group>"; };
		C78FA417179CCEA30085554B /* Default.png */ = {isa = PBXFileReference; lastKnownFileType = image.png; path = Default.png; sourceTree = "<group>"; };
		C78FA419179CCEA30085554B /* Default@2x.png */ = {isa = PBXFileReference; lastKnownFileType = image.png; path = "Default@2x.png"; sourceTree = "<group>"; };
		C78FA41B179CCEA30085554B /* Default-568h@2x.png */ = {isa = PBXFileReference; lastKnownFileType = image.png; path = "Default-568h@2x.png"; sourceTree = "<group>"; };
		C78FA41E179CCEA30085554B /* en */ = {isa = PBXFileReference; lastKnownFileType = file.storyboard; name = en; path = en.lproj/MainStoryboard.storyboard; sourceTree = "<group>"; };
		C78FA420179CCEA30085554B /* ViewController.h */ = {isa = PBXFileReference; lastKnownFileType = sourcecode.c.h; path = ViewController.h; sourceTree = "<group>"; };
		C78FA421179CCEA30085554B /* ViewController.m */ = {isa = PBXFileReference; lastKnownFileType = sourcecode.c.objc; path = ViewController.m; sourceTree = "<group>"; };
/* End PBXFileReference section */

/* Begin PBXFrameworksBuildPhase section */
		C78FA3FF179CCEA30085554B /* Frameworks */ = {
			isa = PBXFrameworksBuildPhase;
			buildActionMask = 2147483647;
			files = (
				C78FA406179CCEA30085554B /* UIKit.framework in Frameworks */,
				C78FA408179CCEA30085554B /* Foundation.framework in Frameworks */,
				C78FA40A179CCEA30085554B /* CoreGraphics.framework in Frameworks */,
			);
			runOnlyForDeploymentPostprocessing = 0;
		};
/* End PBXFrameworksBuildPhase section */

/* Begin PBXGroup section */
		C78FA3F9179CCEA30085554B = {
			isa = PBXGroup;
			children = (
				C78FA40B179CCEA30085554B /* OverPicker */,
				C78FA404179CCEA30085554B /* Frameworks */,
				C78FA403179CCEA30085554B /* Products */,
			);
			sourceTree = "<group>";
		};
		C78FA403179CCEA30085554B /* Products */ = {
			isa = PBXGroup;
			children = (
				C78FA402179CCEA30085554B /* OverPicker.app */,
			);
			name = Products;
			sourceTree = "<group>";
		};
		C78FA404179CCEA30085554B /* Frameworks */ = {
			isa = PBXGroup;
			children = (
				C78FA405179CCEA30085554B /* UIKit.framework */,
				C78FA407179CCEA30085554B /* Foundation.framework */,
				C78FA409179CCEA30085554B /* CoreGraphics.framework */,
			);
			name = Frameworks;
			sourceTree = "<group>";
		};
		C78FA40B179CCEA30085554B /* OverPicker */ = {
			isa = PBXGroup;
			children = (
				C78FA414179CCEA30085554B /* AppDelegate.h */,
				C78FA415179CCEA30085554B /* AppDelegate.m */,
				C78FA41D179CCEA30085554B /* MainStoryboard.storyboard */,
				C78FA420179CCEA30085554B /* ViewController.h */,
				C78FA421179CCEA30085554B /* ViewController.m */,
				C78FA40C179CCEA30085554B /* Supporting Files */,
			);
			path = OverPicker;
			sourceTree = "<group>";
		};
		C78FA40C179CCEA30085554B /* Supporting Files */ = {
			isa = PBXGroup;
			children = (
				C78FA40D179CCEA30085554B /* OverPicker-Info.plist */,
				C78FA40E179CCEA30085554B /* InfoPlist.strings */,
				C78FA411179CCEA30085554B /* main.m */,
				C78FA413179CCEA30085554B /* OverPicker-Prefix.pch */,
				C78FA417179CCEA30085554B /* Default.png */,
				C78FA419179CCEA30085554B /* Default@2x.png */,
				C78FA41B179CCEA30085554B /* Default-568h@2x.png */,
			);
			name = "Supporting Files";
			sourceTree = "<group>";
		};
/* End PBXGroup section */

/* Begin PBXNativeTarget section */
		C78FA401179CCEA30085554B /* OverPicker */ = {
			isa = PBXNativeTarget;
			buildConfigurationList = C78FA425179CCEA30085554B /* Build configuration list for PBXNativeTarget "OverPicker" */;
			buildPhases = (
				C78FA3FE179CCEA30085554B /* Sources */,
				C78FA3FF179CCEA30085554B /* Frameworks */,
				C78FA400179CCEA30085554B /* Resources */,
			);
			buildRules = (
			);
			dependencies = (
			);
			name = OverPicker;
			productName = OverPicker;
			productReference = C78FA402179CCEA30085554B /* OverPicker.app */;
			productType = "com.apple.product-type.application";
		};
/* End PBXNativeTarget section */

/* Begin PBXProject section */
		C78FA3FA179CCEA30085554B /* Project object */ = {
			isa = PBXProject;
			attributes = {
				LastUpgradeCheck = 0460;
				ORGANIZATIONNAME = "Brandon Trebitowski";
			};
			buildConfigurationList = C78FA3FD179CCEA30085554B /* Build configuration list for PBXProject "OverPicker" */;
			compatibilityVersion = "Xcode 3.2";
			developmentRegion = English;
			hasScannedForEncodings = 0;
			knownRegions = (
				en,
			);
			mainGroup = C78FA3F9179CCEA30085554B;
			productRefGroup = C78FA403179CCEA30085554B /* Products */;
			projectDirPath = "";
			projectRoot = "";
			targets = (
				C78FA401179CCEA30085554B /* OverPicker */,
			);
		};
/* End PBXProject section */

/* Begin PBXResourcesBuildPhase section */
		C78FA400179CCEA30085554B /* Resources */ = {
			isa = PBXResourcesBuildPhase;
			buildActionMask = 2147483647;
			files = (
				C78FA410179CCEA30085554B /* InfoPlist.strings in Resources */,
				C78FA418179CCEA30085554B /* Default.png in Resources */,
				C78FA41A179CCEA30085554B /* Default@2x.png in Resources */,
				C78FA41C179CCEA30085554B /* Default-568h@2x.png in Resources */,
				C78FA41F179CCEA30085554B /* MainStoryboard.storyboard in Resources */,
			);
			runOnlyForDeploymentPostprocessing = 0;
		};
/* End PBXResourcesBuildPhase section */

/* Begin PBXSourcesBuildPhase section */
		C78FA3FE179CCEA30085554B /* Sources */ = {
			isa = PBXSourcesBuildPhase;
			buildActionMask = 2147483647;
			files = (
				C78FA412179CCEA30085554B /* main.m in Sources */,
				C78FA416179CCEA30085554B /* AppDelegate.m in Sources */,
				C78FA422179CCEA30085554B /* ViewController.m in Sources */,
			);
			runOnlyForDeploymentPostprocessing = 0;
		};
/* End PBXSourcesBuildPhase section */

/* Begin PBXVariantGroup section */
		C78FA40E179CCEA30085554B /* InfoPlist.strings */ = {
			isa = PBXVariantGroup;
			children = (
				C78FA40F179CCEA30085554B /* en */,
			);
			name = InfoPlist.strings;
			sourceTree = "<group>";
		};
		C78FA41D179CCEA30085554B /* MainStoryboard.storyboard */ = {
			isa = PBXVariantGroup;
			children = (
				C78FA41E179CCEA30085554B /* en */,
			);
			name = MainStoryboard.storyboard;
			sourceTree = "<group>";
		};
/* End PBXVariantGroup section */

/* Begin XCBuildConfiguration section */
		C78FA423179CCEA30085554B /* Debug */ = {
			isa = XCBuildConfiguration;
			buildSettings = {
				ALWAYS_SEARCH_USER_PATHS = NO;
				CLANG_CXX_LANGUAGE_STANDARD = "gnu++0x";
				CLANG_CXX_LIBRARY = "libc++";
				CLANG_ENABLE_OBJC_ARC = YES;
				CLANG_WARN_CONSTANT_CONVERSION = YES;
				CLANG_WARN_EMPTY_BODY = YES;
				CLANG_WARN_ENUM_CONVERSION = YES;
				CLANG_WARN_INT_CONVERSION = YES;
				CLANG_WARN__DUPLICATE_METHOD_MATCH = YES;
				"CODE_SIGN_IDENTITY[sdk=iphoneos*]" = "iPhone Developer";
				COPY_PHASE_STRIP = NO;
				GCC_C_LANGUAGE_STANDARD = gnu99;
				GCC_DYNAMIC_NO_PIC = NO;
				GCC_OPTIMIZATION_LEVEL = 0;
				GCC_PREPROCESSOR_DEFINITIONS = (
					"DEBUG=1",
					"$(inherited)",
				);
				GCC_SYMBOLS_PRIVATE_EXTERN = NO;
				GCC_WARN_ABOUT_RETURN_TYPE = YES;
				GCC_WARN_UNINITIALIZED_AUTOS = YES;
				GCC_WARN_UNUSED_VARIABLE = YES;
				IPHONEOS_DEPLOYMENT_TARGET = 6.1;
				ONLY_ACTIVE_ARCH = YES;
				SDKROOT = iphoneos;
			};
			name = Debug;
		};
		C78FA424179CCEA30085554B /* Release */ = {
			isa = XCBuildConfiguration;
			buildSettings = {
				ALWAYS_SEARCH_USER_PATHS = NO;
				CLANG_CXX_LANGUAGE_STANDARD = "gnu++0x";
				CLANG_CXX_LIBRARY = "libc++";
				CLANG_ENABLE_OBJC_ARC = YES;
				CLANG_WARN_CONSTANT_CONVERSION = YES;
				CLANG_WARN_EMPTY_BODY = YES;
				CLANG_WARN_ENUM_CONVERSION = YES;
				CLANG_WARN_INT_CONVERSION = YES;
				CLANG_WARN__DUPLICATE_METHOD_MATCH = YES;
				"CODE_SIGN_IDENTITY[sdk=iphoneos*]" = "iPhone Developer";
				COPY_PHASE_STRIP = YES;
				GCC_C_LANGUAGE_STANDARD = gnu99;
				GCC_WARN_ABOUT_RETURN_TYPE = YES;
				GCC_WARN_UNINITIALIZED_AUTOS = YES;
				GCC_WARN_UNUSED_VARIABLE = YES;
				IPHONEOS_DEPLOYMENT_TARGET = 6.1;
				OTHER_CFLAGS = "-DNS_BLOCK_ASSERTIONS=1";
				SDKROOT = iphoneos;
				VALIDATE_PRODUCT = YES;
			};
			name = Release;
		};
		C78FA426179CCEA30085554B /* Debug */ = {
			isa = XCBuildConfiguration;
			buildSettings = {
				GCC_PRECOMPILE_PREFIX_HEADER = YES;
				GCC_PREFIX_HEADER = "OverPicker/OverPicker-Prefix.pch";
				INFOPLIST_FILE = "OverPicker/OverPicker-Info.plist";
				PRODUCT_NAME = "$(TARGET_NAME)";
				WRAPPER_EXTENSION = app;
			};
			name = Debug;
		};
		C78FA427179CCEA30085554B /* Release */ = {
			isa = XCBuildConfiguration;
			buildSettings = {
				GCC_PRECOMPILE_PREFIX_HEADER = YES;
				GCC_PREFIX_HEADER = "OverPicker/OverPicker-Prefix.pch";
				INFOPLIST_FILE = "OverPicker/OverPicker-Info.plist";
				PRODUCT_NAME = "$(TARGET_NAME)";
				WRAPPER_EXTENSION = app;
			};
			name = Release;
		};
/* End XCBuildConfiguration section */

/* Begin XCConfigurationList section */
		C78FA3FD179CCEA30085554B /* Build configuration list for PBXProject "OverPicker" */ = {
			isa = XCConfigurationList;
			buildConfigurations = (
				C78FA423179CCEA30085554B /* Debug */,
				C78FA424179CCEA30085554B /* Release */,
			);
			defaultConfigurationIsVisible = 0;
			defaultConfigurationName = Release;
		};
		C78FA425179CCEA30085554B /* Build configuration list for PBXNativeTarget "OverPicker" */ = {
			isa = XCConfigurationList;
			buildConfigurations = (
				C78FA426179CCEA30085554B /* Debug */,
				C78FA427179CCEA30085554B /* Release */,
			);
			defaultConfigurationIsVisible = 0;
		};
/* End XCConfigurationList section */
	};
	rootObject = C78FA3FA179CCEA30085554B /* Project object */;
}
